
Microsoft Visual Studio Solution File, Format Version 12.00
# Visual Studio Version 16
VisualStudioVersion = 16.0.31005.135
MinimumVisualStudioVersion = 10.0.40219.1
Project("{9A19103F-16F7-4668-BE54-9A1E7A4F7556}") = "Core", "Core\Core.csproj", "{2FFB8EC6-05F5-4E7E-890B-D4309149764E}"
EndProject
Project("{9A19103F-16F7-4668-BE54-9A1E7A4F7556}") = "Test", "Test\Test.csproj", "{A5305B66-1AA2-4A79-BCD4-3C0FA15D52B6}"
EndProject
Project("{9A19103F-16F7-4668-BE54-9A1E7A4F7556}") = "ListImplement", "ListImplement\ListImplement.csproj", "{F2EC80B9-F339-4B60-A800-29E960B07BCC}"
EndProject
Project("{FAE04EC0-301F-11D3-BF4B-00C04F79EFBC}") = "WinForms", "WinForms\WinForms.csproj", "{0D78FCD2-05ED-4A05-ACC8-835393CD4EC6}"
EndProject
Project("{FAE04EC0-301F-11D3-BF4B-00C04F79EFBC}") = "GuiDriver", "GuiDriver\GuiDriver.csproj", "{72929303-EC10-4E82-99ED-3E60589DFEF3}"
EndProject
Global
	GlobalSection(SolutionConfigurationPlatforms) = preSolution
		Debug|Any CPU = Debug|Any CPU
		Release|Any CPU = Release|Any CPU
	EndGlobalSection
	GlobalSection(ProjectConfigurationPlatforms) = postSolution
		{2FFB8EC6-05F5-4E7E-890B-D4309149764E}.Debug|Any CPU.ActiveCfg = Debug|Any CPU
		{2FFB8EC6-05F5-4E7E-890B-D4309149764E}.Debug|Any CPU.Build.0 = Debug|Any CPU
		{2FFB8EC6-05F5-4E7E-890B-D4309149764E}.Release|Any CPU.ActiveCfg = Release|Any CPU
		{2FFB8EC6-05F5-4E7E-890B-D4309149764E}.Release|Any CPU.Build.0 = Release|Any CPU
		{A5305B66-1AA2-4A79-BCD4-3C0FA15D52B6}.Debug|Any CPU.ActiveCfg = Debug|Any CPU
		{A5305B66-1AA2-4A79-BCD4-3C0FA15D52B6}.Debug|Any CPU.Build.0 = Debug|Any CPU
		{A5305B66-1AA2-4A79-BCD4-3C0FA15D52B6}.Release|Any CPU.ActiveCfg = Release|Any CPU
		{A5305B66-1AA2-4A79-BCD4-3C0FA15D52B6}.Release|Any CPU.Build.0 = Release|Any CPU
		{F2EC80B9-F339-4B60-A800-29E960B07BCC}.Debug|Any CPU.ActiveCfg = Debug|Any CPU
		{F2EC80B9-F339-4B60-A800-29E960B07BCC}.Debug|Any CPU.Build.0 = Debug|Any CPU
		{F2EC80B9-F339-4B60-A800-29E960B07BCC}.Release|Any CPU.ActiveCfg = Release|Any CPU
		{F2EC80B9-F339-4B60-A800-29E960B07BCC}.Release|Any CPU.Build.0 = Release|Any CPU
		{0D78FCD2-05ED-4A05-ACC8-835393CD4EC6}.Debug|Any CPU.ActiveCfg = Debug|Any CPU
		{0D78FCD2-05ED-4A05-ACC8-835393CD4EC6}.Debug|Any CPU.Build.0 = Debug|Any CPU
		{0D78FCD2-05ED-4A05-ACC8-835393CD4EC6}.Release|Any CPU.ActiveCfg = Release|Any CPU
		{0D78FCD2-05ED-4A05-ACC8-835393CD4EC6}.Release|Any CPU.Build.0 = Release|Any CPU
		{72929303-EC10-4E82-99ED-3E60589DFEF3}.Debug|Any CPU.ActiveCfg = Debug|Any CPU
		{72929303-EC10-4E82-99ED-3E60589DFEF3}.Debug|Any CPU.Build.0 = Debug|Any CPU
		{72929303-EC10-4E82-99ED-3E60589DFEF3}.Release|Any CPU.ActiveCfg = Release|Any CPU
		{72929303-EC10-4E82-99ED-3E60589DFEF3}.Release|Any CPU.Build.0 = Release|Any CPU
	EndGlobalSection
	GlobalSection(SolutionProperties) = preSolution
		HideSolutionNode = FALSE
	EndGlobalSection
	GlobalSection(ExtensibilityGlobals) = postSolution
		SolutionGuid = {BEB4B25D-37F3-48F8-BB6B-41F5841AF1D1}
	EndGlobalSection
EndGlobal
